
Microsoft Visual Studio Solution File, Format Version 12.00
# Visual Studio Version 17
VisualStudioVersion = 17.0.31903.59
MinimumVisualStudioVersion = 10.0.40219.1
Project("{2150E333-8FDC-42A3-9474-1A3956D46DE8}") = "src", "src", "{DE708390-4C9C-493F-AA34-F297E7EA425B}"
EndProject
Project("{2150E333-8FDC-42A3-9474-1A3956D46DE8}") = "tests", "tests", "{5B333CFD-BF9C-480F-B69E-E608542CD316}"
EndProject
Project("{9A19103F-16F7-4668-BE54-9A1E7A4F7556}") = "BrandUp.FileStorage", "src\BrandUp.FileStorage\BrandUp.FileStorage.csproj", "{80F4EEBC-3354-4549-8A74-333AC8DC6464}"
EndProject
Project("{9A19103F-16F7-4668-BE54-9A1E7A4F7556}") = "BrandUp.FileStorage.AwsS3", "src\BrandUp.FileStorage.AwsS3\BrandUp.FileStorage.AwsS3.csproj", "{8EFCF8A7-DF2D-4EAC-B0CB-5ED85DFE0875}"
EndProject
Project("{9A19103F-16F7-4668-BE54-9A1E7A4F7556}") = "BrandUp.FileStorage.Tests", "tests\BrandUp.FileStorage.Tests\BrandUp.FileStorage.Tests.csproj", "{E32E9578-9B45-4F2A-80EE-8554DECABAF6}"
EndProject
Project("{2150E333-8FDC-42A3-9474-1A3956D46DE8}") = "Solution Items", "Solution Items", "{8A0D56F0-D8AA-4172-BE87-D297738D1A6A}"
	ProjectSection(SolutionItems) = preProject
		.editorconfig = .editorconfig
	EndProjectSection
EndProject
Project("{FAE04EC0-301F-11D3-BF4B-00C04F79EFBC}") = "BrandUp.FileStorage.Testing", "src\BrandUp.FileStorage.Testing\BrandUp.FileStorage.Testing.csproj", "{84793B9B-037F-4D84-8EE0-015D849FFBFE}"
EndProject
Project("{FAE04EC0-301F-11D3-BF4B-00C04F79EFBC}") = "BrandUp.FileStorage.Testing.Tests", "tests\BrandUp.FileStorage.Testing.Tests\BrandUp.FileStorage.Testing.Tests.csproj", "{202F2172-D9A3-46AB-B098-DCDB5BD28B96}"
EndProject
Project("{FAE04EC0-301F-11D3-BF4B-00C04F79EFBC}") = "BrandUp.FileStorage.MongoDb", "src\BrandUp.FileStorage.MongoDb\BrandUp.FileStorage.MongoDb.csproj", "{BCA1D2E2-736F-48BF-8014-873848788AB3}"
EndProject
Project("{9A19103F-16F7-4668-BE54-9A1E7A4F7556}") = "BrandUp.FileStorage.Abstractions", "src\BrandUp.FileStorage.Abstractions\BrandUp.FileStorage.Abstractions.csproj", "{4ADB2729-B744-4AB6-A43E-223BA89A4E73}"
EndProject
Project("{9A19103F-16F7-4668-BE54-9A1E7A4F7556}") = "BrandUp.FileStorage.FileSystem", "src\BrandUp.FileStorage.FileSystem\BrandUp.FileStorage.FileSystem.csproj", "{69AEDCA2-4217-4C20-81BF-EEFA4B6946D5}"
EndProject
Global
	GlobalSection(SolutionConfigurationPlatforms) = preSolution
		Debug|Any CPU = Debug|Any CPU
		Release|Any CPU = Release|Any CPU
	EndGlobalSection
	GlobalSection(ProjectConfigurationPlatforms) = postSolution
		{80F4EEBC-3354-4549-8A74-333AC8DC6464}.Debug|Any CPU.ActiveCfg = Debug|Any CPU
		{80F4EEBC-3354-4549-8A74-333AC8DC6464}.Debug|Any CPU.Build.0 = Debug|Any CPU
		{80F4EEBC-3354-4549-8A74-333AC8DC6464}.Release|Any CPU.ActiveCfg = Release|Any CPU
		{80F4EEBC-3354-4549-8A74-333AC8DC6464}.Release|Any CPU.Build.0 = Release|Any CPU
		{8EFCF8A7-DF2D-4EAC-B0CB-5ED85DFE0875}.Debug|Any CPU.ActiveCfg = Debug|Any CPU
		{8EFCF8A7-DF2D-4EAC-B0CB-5ED85DFE0875}.Debug|Any CPU.Build.0 = Debug|Any CPU
		{8EFCF8A7-DF2D-4EAC-B0CB-5ED85DFE0875}.Release|Any CPU.ActiveCfg = Release|Any CPU
		{8EFCF8A7-DF2D-4EAC-B0CB-5ED85DFE0875}.Release|Any CPU.Build.0 = Release|Any CPU
		{E32E9578-9B45-4F2A-80EE-8554DECABAF6}.Debug|Any CPU.ActiveCfg = Debug|Any CPU
		{E32E9578-9B45-4F2A-80EE-8554DECABAF6}.Debug|Any CPU.Build.0 = Debug|Any CPU
		{E32E9578-9B45-4F2A-80EE-8554DECABAF6}.Release|Any CPU.ActiveCfg = Release|Any CPU
		{E32E9578-9B45-4F2A-80EE-8554DECABAF6}.Release|Any CPU.Build.0 = Release|Any CPU
		{84793B9B-037F-4D84-8EE0-015D849FFBFE}.Debug|Any CPU.ActiveCfg = Debug|Any CPU
		{84793B9B-037F-4D84-8EE0-015D849FFBFE}.Debug|Any CPU.Build.0 = Debug|Any CPU
		{84793B9B-037F-4D84-8EE0-015D849FFBFE}.Release|Any CPU.ActiveCfg = Release|Any CPU
		{84793B9B-037F-4D84-8EE0-015D849FFBFE}.Release|Any CPU.Build.0 = Release|Any CPU
		{202F2172-D9A3-46AB-B098-DCDB5BD28B96}.Debug|Any CPU.ActiveCfg = Debug|Any CPU
		{202F2172-D9A3-46AB-B098-DCDB5BD28B96}.Debug|Any CPU.Build.0 = Debug|Any CPU
		{202F2172-D9A3-46AB-B098-DCDB5BD28B96}.Release|Any CPU.ActiveCfg = Release|Any CPU
		{202F2172-D9A3-46AB-B098-DCDB5BD28B96}.Release|Any CPU.Build.0 = Release|Any CPU
		{BCA1D2E2-736F-48BF-8014-873848788AB3}.Debug|Any CPU.ActiveCfg = Debug|Any CPU
		{BCA1D2E2-736F-48BF-8014-873848788AB3}.Debug|Any CPU.Build.0 = Debug|Any CPU
		{BCA1D2E2-736F-48BF-8014-873848788AB3}.Release|Any CPU.ActiveCfg = Release|Any CPU
		{BCA1D2E2-736F-48BF-8014-873848788AB3}.Release|Any CPU.Build.0 = Release|Any CPU
		{4ADB2729-B744-4AB6-A43E-223BA89A4E73}.Debug|Any CPU.ActiveCfg = Debug|Any CPU
		{4ADB2729-B744-4AB6-A43E-223BA89A4E73}.Debug|Any CPU.Build.0 = Debug|Any CPU
		{4ADB2729-B744-4AB6-A43E-223BA89A4E73}.Release|Any CPU.ActiveCfg = Release|Any CPU
		{4ADB2729-B744-4AB6-A43E-223BA89A4E73}.Release|Any CPU.Build.0 = Release|Any CPU
		{69AEDCA2-4217-4C20-81BF-EEFA4B6946D5}.Debug|Any CPU.ActiveCfg = Debug|Any CPU
		{69AEDCA2-4217-4C20-81BF-EEFA4B6946D5}.Debug|Any CPU.Build.0 = Debug|Any CPU
		{69AEDCA2-4217-4C20-81BF-EEFA4B6946D5}.Release|Any CPU.ActiveCfg = Release|Any CPU
		{69AEDCA2-4217-4C20-81BF-EEFA4B6946D5}.Release|Any CPU.Build.0 = Release|Any CPU
	EndGlobalSection
	GlobalSection(SolutionProperties) = preSolution
		HideSolutionNode = FALSE
	EndGlobalSection
	GlobalSection(NestedProjects) = preSolution
		{80F4EEBC-3354-4549-8A74-333AC8DC6464} = {DE708390-4C9C-493F-AA34-F297E7EA425B}
		{8EFCF8A7-DF2D-4EAC-B0CB-5ED85DFE0875} = {DE708390-4C9C-493F-AA34-F297E7EA425B}
		{E32E9578-9B45-4F2A-80EE-8554DECABAF6} = {5B333CFD-BF9C-480F-B69E-E608542CD316}
		{84793B9B-037F-4D84-8EE0-015D849FFBFE} = {DE708390-4C9C-493F-AA34-F297E7EA425B}
		{202F2172-D9A3-46AB-B098-DCDB5BD28B96} = {5B333CFD-BF9C-480F-B69E-E608542CD316}
		{BCA1D2E2-736F-48BF-8014-873848788AB3} = {DE708390-4C9C-493F-AA34-F297E7EA425B}
		{4ADB2729-B744-4AB6-A43E-223BA89A4E73} = {DE708390-4C9C-493F-AA34-F297E7EA425B}
		{69AEDCA2-4217-4C20-81BF-EEFA4B6946D5} = {DE708390-4C9C-493F-AA34-F297E7EA425B}
	EndGlobalSection
	GlobalSection(ExtensibilityGlobals) = postSolution
		SolutionGuid = {34152893-6A53-4557-8E50-CE9C0C9549E1}
	EndGlobalSection
EndGlobal
